
Microsoft Visual Studio Solution File, Format Version 12.00
# Visual Studio 14
VisualStudioVersion = 14.0.25123.0
MinimumVisualStudioVersion = 10.0.40219.1
Project("{FAE04EC0-301F-11D3-BF4B-00C04F79EFBC}") = "MenuDrawer.Droid", "MenuDrawer\MenuDrawer.Droid\MenuDrawer.Droid.csproj", "{48FB696A-89A6-4251-8EF3-AF34EBB7EED5}"
EndProject
Project("{FAE04EC0-301F-11D3-BF4B-00C04F79EFBC}") = "MenuDrawer.iOS", "MenuDrawer\MenuDrawer.iOS\MenuDrawer.iOS.csproj", "{8AD14686-08F0-4569-A2B3-122EA8BC00C0}"
EndProject
Project("{FAE04EC0-301F-11D3-BF4B-00C04F79EFBC}") = "MenuDrawer.WinPhone", "MenuDrawer\MenuDrawer.WinPhone\MenuDrawer.WinPhone.csproj", "{F88608B9-8758-4B49-8457-BAB86A7FA9E0}"
EndProject
Project("{FAE04EC0-301F-11D3-BF4B-00C04F79EFBC}") = "MenuDrawer.UWP", "MenuDrawer\MenuDrawer.UWP\MenuDrawer.UWP.csproj", "{7152A1DD-9C04-4643-B380-897C23A56E89}"
EndProject
Project("{FAE04EC0-301F-11D3-BF4B-00C04F79EFBC}") = "MenuDrawer.Windows", "MenuDrawer\MenuDrawer.Windows\MenuDrawer.Windows.csproj", "{9D34DC04-B933-4732-A04F-E543B095869E}"
EndProject
Project("{FAE04EC0-301F-11D3-BF4B-00C04F79EFBC}") = "MenuDrawer", "MenuDrawer\MenuDrawer\MenuDrawer.csproj", "{FEE97194-DCE6-4566-80ED-E5C08D4AEEC2}"
EndProject
Global
	GlobalSection(SolutionConfigurationPlatforms) = preSolution
		Ad-Hoc|Any CPU = Ad-Hoc|Any CPU
		Ad-Hoc|ARM = Ad-Hoc|ARM
		Ad-Hoc|iPhone = Ad-Hoc|iPhone
		Ad-Hoc|iPhoneSimulator = Ad-Hoc|iPhoneSimulator
		Ad-Hoc|x64 = Ad-Hoc|x64
		Ad-Hoc|x86 = Ad-Hoc|x86
		AppStore|Any CPU = AppStore|Any CPU
		AppStore|ARM = AppStore|ARM
		AppStore|iPhone = AppStore|iPhone
		AppStore|iPhoneSimulator = AppStore|iPhoneSimulator
		AppStore|x64 = AppStore|x64
		AppStore|x86 = AppStore|x86
		Debug|Any CPU = Debug|Any CPU
		Debug|ARM = Debug|ARM
		Debug|iPhone = Debug|iPhone
		Debug|iPhoneSimulator = Debug|iPhoneSimulator
		Debug|x64 = Debug|x64
		Debug|x86 = Debug|x86
		Release|Any CPU = Release|Any CPU
		Release|ARM = Release|ARM
		Release|iPhone = Release|iPhone
		Release|iPhoneSimulator = Release|iPhoneSimulator
		Release|x64 = Release|x64
		Release|x86 = Release|x86
	EndGlobalSection
	GlobalSection(ProjectConfigurationPlatforms) = postSolution
		{48FB696A-89A6-4251-8EF3-AF34EBB7EED5}.Ad-Hoc|Any CPU.ActiveCfg = Release|Any CPU
		{48FB696A-89A6-4251-8EF3-AF34EBB7EED5}.Ad-Hoc|Any CPU.Build.0 = Release|Any CPU
		{48FB696A-89A6-4251-8EF3-AF34EBB7EED5}.Ad-Hoc|Any CPU.Deploy.0 = Release|Any CPU
		{48FB696A-89A6-4251-8EF3-AF34EBB7EED5}.Ad-Hoc|ARM.ActiveCfg = Release|Any CPU
		{48FB696A-89A6-4251-8EF3-AF34EBB7EED5}.Ad-Hoc|ARM.Build.0 = Release|Any CPU
		{48FB696A-89A6-4251-8EF3-AF34EBB7EED5}.Ad-Hoc|ARM.Deploy.0 = Release|Any CPU
		{48FB696A-89A6-4251-8EF3-AF34EBB7EED5}.Ad-Hoc|iPhone.ActiveCfg = Release|Any CPU
		{48FB696A-89A6-4251-8EF3-AF34EBB7EED5}.Ad-Hoc|iPhone.Build.0 = Release|Any CPU
		{48FB696A-89A6-4251-8EF3-AF34EBB7EED5}.Ad-Hoc|iPhone.Deploy.0 = Release|Any CPU
		{48FB696A-89A6-4251-8EF3-AF34EBB7EED5}.Ad-Hoc|iPhoneSimulator.ActiveCfg = Release|Any CPU
		{48FB696A-89A6-4251-8EF3-AF34EBB7EED5}.Ad-Hoc|iPhoneSimulator.Build.0 = Release|Any CPU
		{48FB696A-89A6-4251-8EF3-AF34EBB7EED5}.Ad-Hoc|iPhoneSimulator.Deploy.0 = Release|Any CPU
		{48FB696A-89A6-4251-8EF3-AF34EBB7EED5}.Ad-Hoc|x64.ActiveCfg = Release|Any CPU
		{48FB696A-89A6-4251-8EF3-AF34EBB7EED5}.Ad-Hoc|x64.Build.0 = Release|Any CPU
		{48FB696A-89A6-4251-8EF3-AF34EBB7EED5}.Ad-Hoc|x64.Deploy.0 = Release|Any CPU
		{48FB696A-89A6-4251-8EF3-AF34EBB7EED5}.Ad-Hoc|x86.ActiveCfg = Release|Any CPU
		{48FB696A-89A6-4251-8EF3-AF34EBB7EED5}.Ad-Hoc|x86.Build.0 = Release|Any CPU
		{48FB696A-89A6-4251-8EF3-AF34EBB7EED5}.Ad-Hoc|x86.Deploy.0 = Release|Any CPU
		{48FB696A-89A6-4251-8EF3-AF34EBB7EED5}.AppStore|Any CPU.ActiveCfg = Release|Any CPU
		{48FB696A-89A6-4251-8EF3-AF34EBB7EED5}.AppStore|Any CPU.Build.0 = Release|Any CPU
		{48FB696A-89A6-4251-8EF3-AF34EBB7EED5}.AppStore|Any CPU.Deploy.0 = Release|Any CPU
		{48FB696A-89A6-4251-8EF3-AF34EBB7EED5}.AppStore|ARM.ActiveCfg = Release|Any CPU
		{48FB696A-89A6-4251-8EF3-AF34EBB7EED5}.AppStore|ARM.Build.0 = Release|Any CPU
		{48FB696A-89A6-4251-8EF3-AF34EBB7EED5}.AppStore|ARM.Deploy.0 = Release|Any CPU
		{48FB696A-89A6-4251-8EF3-AF34EBB7EED5}.AppStore|iPhone.ActiveCfg = Release|Any CPU
		{48FB696A-89A6-4251-8EF3-AF34EBB7EED5}.AppStore|iPhone.Build.0 = Release|Any CPU
		{48FB696A-89A6-4251-8EF3-AF34EBB7EED5}.AppStore|iPhone.Deploy.0 = Release|Any CPU
		{48FB696A-89A6-4251-8EF3-AF34EBB7EED5}.AppStore|iPhoneSimulator.ActiveCfg = Release|Any CPU
		{48FB696A-89A6-4251-8EF3-AF34EBB7EED5}.AppStore|iPhoneSimulator.Build.0 = Release|Any CPU
		{48FB696A-89A6-4251-8EF3-AF34EBB7EED5}.AppStore|iPhoneSimulator.Deploy.0 = Release|Any CPU
		{48FB696A-89A6-4251-8EF3-AF34EBB7EED5}.AppStore|x64.ActiveCfg = Release|Any CPU
		{48FB696A-89A6-4251-8EF3-AF34EBB7EED5}.AppStore|x64.Build.0 = Release|Any CPU
		{48FB696A-89A6-4251-8EF3-AF34EBB7EED5}.AppStore|x64.Deploy.0 = Release|Any CPU
		{48FB696A-89A6-4251-8EF3-AF34EBB7EED5}.AppStore|x86.ActiveCfg = Release|Any CPU
		{48FB696A-89A6-4251-8EF3-AF34EBB7EED5}.AppStore|x86.Build.0 = Release|Any CPU
		{48FB696A-89A6-4251-8EF3-AF34EBB7EED5}.AppStore|x86.Deploy.0 = Release|Any CPU
		{48FB696A-89A6-4251-8EF3-AF34EBB7EED5}.Debug|Any CPU.ActiveCfg = Debug|Any CPU
		{48FB696A-89A6-4251-8EF3-AF34EBB7EED5}.Debug|Any CPU.Build.0 = Debug|Any CPU
		{48FB696A-89A6-4251-8EF3-AF34EBB7EED5}.Debug|Any CPU.Deploy.0 = Debug|Any CPU
		{48FB696A-89A6-4251-8EF3-AF34EBB7EED5}.Debug|ARM.ActiveCfg = Debug|Any CPU
		{48FB696A-89A6-4251-8EF3-AF34EBB7EED5}.Debug|ARM.Build.0 = Debug|Any CPU
		{48FB696A-89A6-4251-8EF3-AF34EBB7EED5}.Debug|ARM.Deploy.0 = Debug|Any CPU
		{48FB696A-89A6-4251-8EF3-AF34EBB7EED5}.Debug|iPhone.ActiveCfg = Debug|Any CPU
		{48FB696A-89A6-4251-8EF3-AF34EBB7EED5}.Debug|iPhone.Build.0 = Debug|Any CPU
		{48FB696A-89A6-4251-8EF3-AF34EBB7EED5}.Debug|iPhone.Deploy.0 = Debug|Any CPU
		{48FB696A-89A6-4251-8EF3-AF34EBB7EED5}.Debug|iPhoneSimulator.ActiveCfg = Debug|Any CPU
		{48FB696A-89A6-4251-8EF3-AF34EBB7EED5}.Debug|iPhoneSimulator.Build.0 = Debug|Any CPU
		{48FB696A-89A6-4251-8EF3-AF34EBB7EED5}.Debug|iPhoneSimulator.Deploy.0 = Debug|Any CPU
		{48FB696A-89A6-4251-8EF3-AF34EBB7EED5}.Debug|x64.ActiveCfg = Debug|Any CPU
		{48FB696A-89A6-4251-8EF3-AF34EBB7EED5}.Debug|x64.Build.0 = Debug|Any CPU
		{48FB696A-89A6-4251-8EF3-AF34EBB7EED5}.Debug|x64.Deploy.0 = Debug|Any CPU
		{48FB696A-89A6-4251-8EF3-AF34EBB7EED5}.Debug|x86.ActiveCfg = Debug|Any CPU
		{48FB696A-89A6-4251-8EF3-AF34EBB7EED5}.Debug|x86.Build.0 = Debug|Any CPU
		{48FB696A-89A6-4251-8EF3-AF34EBB7EED5}.Debug|x86.Deploy.0 = Debug|Any CPU
		{48FB696A-89A6-4251-8EF3-AF34EBB7EED5}.Release|Any CPU.ActiveCfg = Release|Any CPU
		{48FB696A-89A6-4251-8EF3-AF34EBB7EED5}.Release|Any CPU.Build.0 = Release|Any CPU
		{48FB696A-89A6-4251-8EF3-AF34EBB7EED5}.Release|Any CPU.Deploy.0 = Release|Any CPU
		{48FB696A-89A6-4251-8EF3-AF34EBB7EED5}.Release|ARM.ActiveCfg = Release|Any CPU
		{48FB696A-89A6-4251-8EF3-AF34EBB7EED5}.Release|ARM.Build.0 = Release|Any CPU
		{48FB696A-89A6-4251-8EF3-AF34EBB7EED5}.Release|ARM.Deploy.0 = Release|Any CPU
		{48FB696A-89A6-4251-8EF3-AF34EBB7EED5}.Release|iPhone.ActiveCfg = Release|Any CPU
		{48FB696A-89A6-4251-8EF3-AF34EBB7EED5}.Release|iPhone.Build.0 = Release|Any CPU
		{48FB696A-89A6-4251-8EF3-AF34EBB7EED5}.Release|iPhone.Deploy.0 = Release|Any CPU
		{48FB696A-89A6-4251-8EF3-AF34EBB7EED5}.Release|iPhoneSimulator.ActiveCfg = Release|Any CPU
		{48FB696A-89A6-4251-8EF3-AF34EBB7EED5}.Release|iPhoneSimulator.Build.0 = Release|Any CPU
		{48FB696A-89A6-4251-8EF3-AF34EBB7EED5}.Release|iPhoneSimulator.Deploy.0 = Release|Any CPU
		{48FB696A-89A6-4251-8EF3-AF34EBB7EED5}.Release|x64.ActiveCfg = Release|Any CPU
		{48FB696A-89A6-4251-8EF3-AF34EBB7EED5}.Release|x64.Build.0 = Release|Any CPU
		{48FB696A-89A6-4251-8EF3-AF34EBB7EED5}.Release|x64.Deploy.0 = Release|Any CPU
		{48FB696A-89A6-4251-8EF3-AF34EBB7EED5}.Release|x86.ActiveCfg = Release|Any CPU
		{48FB696A-89A6-4251-8EF3-AF34EBB7EED5}.Release|x86.Build.0 = Release|Any CPU
		{48FB696A-89A6-4251-8EF3-AF34EBB7EED5}.Release|x86.Deploy.0 = Release|Any CPU
		{8AD14686-08F0-4569-A2B3-122EA8BC00C0}.Ad-Hoc|Any CPU.ActiveCfg = Ad-Hoc|iPhone
		{8AD14686-08F0-4569-A2B3-122EA8BC00C0}.Ad-Hoc|ARM.ActiveCfg = Ad-Hoc|iPhone
		{8AD14686-08F0-4569-A2B3-122EA8BC00C0}.Ad-Hoc|iPhone.ActiveCfg = Ad-Hoc|iPhone
		{8AD14686-08F0-4569-A2B3-122EA8BC00C0}.Ad-Hoc|iPhone.Build.0 = Ad-Hoc|iPhone
		{8AD14686-08F0-4569-A2B3-122EA8BC00C0}.Ad-Hoc|iPhoneSimulator.ActiveCfg = Ad-Hoc|iPhoneSimulator
		{8AD14686-08F0-4569-A2B3-122EA8BC00C0}.Ad-Hoc|iPhoneSimulator.Build.0 = Ad-Hoc|iPhoneSimulator
		{8AD14686-08F0-4569-A2B3-122EA8BC00C0}.Ad-Hoc|x64.ActiveCfg = Ad-Hoc|iPhone
		{8AD14686-08F0-4569-A2B3-122EA8BC00C0}.Ad-Hoc|x86.ActiveCfg = Ad-Hoc|iPhone
		{8AD14686-08F0-4569-A2B3-122EA8BC00C0}.AppStore|Any CPU.ActiveCfg = AppStore|iPhone
		{8AD14686-08F0-4569-A2B3-122EA8BC00C0}.AppStore|ARM.ActiveCfg = AppStore|iPhone
		{8AD14686-08F0-4569-A2B3-122EA8BC00C0}.AppStore|iPhone.ActiveCfg = AppStore|iPhone
		{8AD14686-08F0-4569-A2B3-122EA8BC00C0}.AppStore|iPhone.Build.0 = AppStore|iPhone
		{8AD14686-08F0-4569-A2B3-122EA8BC00C0}.AppStore|iPhoneSimulator.ActiveCfg = AppStore|iPhoneSimulator
		{8AD14686-08F0-4569-A2B3-122EA8BC00C0}.AppStore|iPhoneSimulator.Build.0 = AppStore|iPhoneSimulator
		{8AD14686-08F0-4569-A2B3-122EA8BC00C0}.AppStore|x64.ActiveCfg = AppStore|iPhone
		{8AD14686-08F0-4569-A2B3-122EA8BC00C0}.AppStore|x86.ActiveCfg = AppStore|iPhone
		{8AD14686-08F0-4569-A2B3-122EA8BC00C0}.Debug|Any CPU.ActiveCfg = Debug|iPhone
		{8AD14686-08F0-4569-A2B3-122EA8BC00C0}.Debug|ARM.ActiveCfg = Debug|iPhone
		{8AD14686-08F0-4569-A2B3-122EA8BC00C0}.Debug|iPhone.ActiveCfg = Debug|iPhone
		{8AD14686-08F0-4569-A2B3-122EA8BC00C0}.Debug|iPhone.Build.0 = Debug|iPhone
		{8AD14686-08F0-4569-A2B3-122EA8BC00C0}.Debug|iPhoneSimulator.ActiveCfg = Debug|iPhoneSimulator
		{8AD14686-08F0-4569-A2B3-122EA8BC00C0}.Debug|iPhoneSimulator.Build.0 = Debug|iPhoneSimulator
		{8AD14686-08F0-4569-A2B3-122EA8BC00C0}.Debug|x64.ActiveCfg = Debug|iPhone
		{8AD14686-08F0-4569-A2B3-122EA8BC00C0}.Debug|x86.ActiveCfg = Debug|iPhone
		{8AD14686-08F0-4569-A2B3-122EA8BC00C0}.Release|Any CPU.ActiveCfg = Release|iPhone
		{8AD14686-08F0-4569-A2B3-122EA8BC00C0}.Release|ARM.ActiveCfg = Release|iPhone
		{8AD14686-08F0-4569-A2B3-122EA8BC00C0}.Release|iPhone.ActiveCfg = Release|iPhone
		{8AD14686-08F0-4569-A2B3-122EA8BC00C0}.Release|iPhone.Build.0 = Release|iPhone
		{8AD14686-08F0-4569-A2B3-122EA8BC00C0}.Release|iPhoneSimulator.ActiveCfg = Release|iPhoneSimulator
		{8AD14686-08F0-4569-A2B3-122EA8BC00C0}.Release|iPhoneSimulator.Build.0 = Release|iPhoneSimulator
		{8AD14686-08F0-4569-A2B3-122EA8BC00C0}.Release|x64.ActiveCfg = Release|iPhone
		{8AD14686-08F0-4569-A2B3-122EA8BC00C0}.Release|x86.ActiveCfg = Release|iPhone
		{F88608B9-8758-4B49-8457-BAB86A7FA9E0}.Ad-Hoc|Any CPU.ActiveCfg = Release|Any CPU
		{F88608B9-8758-4B49-8457-BAB86A7FA9E0}.Ad-Hoc|Any CPU.Build.0 = Release|Any CPU
		{F88608B9-8758-4B49-8457-BAB86A7FA9E0}.Ad-Hoc|Any CPU.Deploy.0 = Release|Any CPU
		{F88608B9-8758-4B49-8457-BAB86A7FA9E0}.Ad-Hoc|ARM.ActiveCfg = Release|ARM
		{F88608B9-8758-4B49-8457-BAB86A7FA9E0}.Ad-Hoc|ARM.Build.0 = Release|ARM
		{F88608B9-8758-4B49-8457-BAB86A7FA9E0}.Ad-Hoc|ARM.Deploy.0 = Release|ARM
		{F88608B9-8758-4B49-8457-BAB86A7FA9E0}.Ad-Hoc|iPhone.ActiveCfg = Release|Any CPU
		{F88608B9-8758-4B49-8457-BAB86A7FA9E0}.Ad-Hoc|iPhone.Build.0 = Release|Any CPU
		{F88608B9-8758-4B49-8457-BAB86A7FA9E0}.Ad-Hoc|iPhone.Deploy.0 = Release|Any CPU
		{F88608B9-8758-4B49-8457-BAB86A7FA9E0}.Ad-Hoc|iPhoneSimulator.ActiveCfg = Release|Any CPU
		{F88608B9-8758-4B49-8457-BAB86A7FA9E0}.Ad-Hoc|iPhoneSimulator.Build.0 = Release|Any CPU
		{F88608B9-8758-4B49-8457-BAB86A7FA9E0}.Ad-Hoc|iPhoneSimulator.Deploy.0 = Release|Any CPU
		{F88608B9-8758-4B49-8457-BAB86A7FA9E0}.Ad-Hoc|x64.ActiveCfg = Release|Any CPU
		{F88608B9-8758-4B49-8457-BAB86A7FA9E0}.Ad-Hoc|x64.Build.0 = Release|Any CPU
		{F88608B9-8758-4B49-8457-BAB86A7FA9E0}.Ad-Hoc|x64.Deploy.0 = Release|Any CPU
		{F88608B9-8758-4B49-8457-BAB86A7FA9E0}.Ad-Hoc|x86.ActiveCfg = Release|x86
		{F88608B9-8758-4B49-8457-BAB86A7FA9E0}.Ad-Hoc|x86.Build.0 = Release|x86
		{F88608B9-8758-4B49-8457-BAB86A7FA9E0}.Ad-Hoc|x86.Deploy.0 = Release|x86
		{F88608B9-8758-4B49-8457-BAB86A7FA9E0}.AppStore|Any CPU.ActiveCfg = Release|Any CPU
		{F88608B9-8758-4B49-8457-BAB86A7FA9E0}.AppStore|Any CPU.Build.0 = Release|Any CPU
		{F88608B9-8758-4B49-8457-BAB86A7FA9E0}.AppStore|Any CPU.Deploy.0 = Release|Any CPU
		{F88608B9-8758-4B49-8457-BAB86A7FA9E0}.AppStore|ARM.ActiveCfg = Release|ARM
		{F88608B9-8758-4B49-8457-BAB86A7FA9E0}.AppStore|ARM.Build.0 = Release|ARM
		{F88608B9-8758-4B49-8457-BAB86A7FA9E0}.AppStore|ARM.Deploy.0 = Release|ARM
		{F88608B9-8758-4B49-8457-BAB86A7FA9E0}.AppStore|iPhone.ActiveCfg = Release|Any CPU
		{F88608B9-8758-4B49-8457-BAB86A7FA9E0}.AppStore|iPhone.Build.0 = Release|Any CPU
		{F88608B9-8758-4B49-8457-BAB86A7FA9E0}.AppStore|iPhone.Deploy.0 = Release|Any CPU
		{F88608B9-8758-4B49-8457-BAB86A7FA9E0}.AppStore|iPhoneSimulator.ActiveCfg = Release|Any CPU
		{F88608B9-8758-4B49-8457-BAB86A7FA9E0}.AppStore|iPhoneSimulator.Build.0 = Release|Any CPU
		{F88608B9-8758-4B49-8457-BAB86A7FA9E0}.AppStore|iPhoneSimulator.Deploy.0 = Release|Any CPU
		{F88608B9-8758-4B49-8457-BAB86A7FA9E0}.AppStore|x64.ActiveCfg = Release|Any CPU
		{F88608B9-8758-4B49-8457-BAB86A7FA9E0}.AppStore|x64.Build.0 = Release|Any CPU
		{F88608B9-8758-4B49-8457-BAB86A7FA9E0}.AppStore|x64.Deploy.0 = Release|Any CPU
		{F88608B9-8758-4B49-8457-BAB86A7FA9E0}.AppStore|x86.ActiveCfg = Release|x86
		{F88608B9-8758-4B49-8457-BAB86A7FA9E0}.AppStore|x86.Build.0 = Release|x86
		{F88608B9-8758-4B49-8457-BAB86A7FA9E0}.AppStore|x86.Deploy.0 = Release|x86
		{F88608B9-8758-4B49-8457-BAB86A7FA9E0}.Debug|Any CPU.ActiveCfg = Debug|Any CPU
		{F88608B9-8758-4B49-8457-BAB86A7FA9E0}.Debug|Any CPU.Build.0 = Debug|Any CPU
		{F88608B9-8758-4B49-8457-BAB86A7FA9E0}.Debug|Any CPU.Deploy.0 = Debug|Any CPU
		{F88608B9-8758-4B49-8457-BAB86A7FA9E0}.Debug|ARM.ActiveCfg = Debug|ARM
		{F88608B9-8758-4B49-8457-BAB86A7FA9E0}.Debug|ARM.Build.0 = Debug|ARM
		{F88608B9-8758-4B49-8457-BAB86A7FA9E0}.Debug|ARM.Deploy.0 = Debug|ARM
		{F88608B9-8758-4B49-8457-BAB86A7FA9E0}.Debug|iPhone.ActiveCfg = Debug|Any CPU
		{F88608B9-8758-4B49-8457-BAB86A7FA9E0}.Debug|iPhone.Build.0 = Debug|Any CPU
		{F88608B9-8758-4B49-8457-BAB86A7FA9E0}.Debug|iPhone.Deploy.0 = Debug|Any CPU
		{F88608B9-8758-4B49-8457-BAB86A7FA9E0}.Debug|iPhoneSimulator.ActiveCfg = Debug|Any CPU
		{F88608B9-8758-4B49-8457-BAB86A7FA9E0}.Debug|iPhoneSimulator.Build.0 = Debug|Any CPU
		{F88608B9-8758-4B49-8457-BAB86A7FA9E0}.Debug|iPhoneSimulator.Deploy.0 = Debug|Any CPU
		{F88608B9-8758-4B49-8457-BAB86A7FA9E0}.Debug|x64.ActiveCfg = Debug|Any CPU
		{F88608B9-8758-4B49-8457-BAB86A7FA9E0}.Debug|x64.Build.0 = Debug|Any CPU
		{F88608B9-8758-4B49-8457-BAB86A7FA9E0}.Debug|x64.Deploy.0 = Debug|Any CPU
		{F88608B9-8758-4B49-8457-BAB86A7FA9E0}.Debug|x86.ActiveCfg = Debug|x86
		{F88608B9-8758-4B49-8457-BAB86A7FA9E0}.Debug|x86.Build.0 = Debug|x86
		{F88608B9-8758-4B49-8457-BAB86A7FA9E0}.Debug|x86.Deploy.0 = Debug|x86
		{F88608B9-8758-4B49-8457-BAB86A7FA9E0}.Release|Any CPU.ActiveCfg = Release|Any CPU
		{F88608B9-8758-4B49-8457-BAB86A7FA9E0}.Release|Any CPU.Build.0 = Release|Any CPU
		{F88608B9-8758-4B49-8457-BAB86A7FA9E0}.Release|Any CPU.Deploy.0 = Release|Any CPU
		{F88608B9-8758-4B49-8457-BAB86A7FA9E0}.Release|ARM.ActiveCfg = Release|ARM
		{F88608B9-8758-4B49-8457-BAB86A7FA9E0}.Release|ARM.Build.0 = Release|ARM
		{F88608B9-8758-4B49-8457-BAB86A7FA9E0}.Release|ARM.Deploy.0 = Release|ARM
		{F88608B9-8758-4B49-8457-BAB86A7FA9E0}.Release|iPhone.ActiveCfg = Release|Any CPU
		{F88608B9-8758-4B49-8457-BAB86A7FA9E0}.Release|iPhone.Build.0 = Release|Any CPU
		{F88608B9-8758-4B49-8457-BAB86A7FA9E0}.Release|iPhone.Deploy.0 = Release|Any CPU
		{F88608B9-8758-4B49-8457-BAB86A7FA9E0}.Release|iPhoneSimulator.ActiveCfg = Release|Any CPU
		{F88608B9-8758-4B49-8457-BAB86A7FA9E0}.Release|iPhoneSimulator.Build.0 = Release|Any CPU
		{F88608B9-8758-4B49-8457-BAB86A7FA9E0}.Release|iPhoneSimulator.Deploy.0 = Release|Any CPU
		{F88608B9-8758-4B49-8457-BAB86A7FA9E0}.Release|x64.ActiveCfg = Release|Any CPU
		{F88608B9-8758-4B49-8457-BAB86A7FA9E0}.Release|x64.Build.0 = Release|Any CPU
		{F88608B9-8758-4B49-8457-BAB86A7FA9E0}.Release|x64.Deploy.0 = Release|Any CPU
		{F88608B9-8758-4B49-8457-BAB86A7FA9E0}.Release|x86.ActiveCfg = Release|x86
		{F88608B9-8758-4B49-8457-BAB86A7FA9E0}.Release|x86.Build.0 = Release|x86
		{F88608B9-8758-4B49-8457-BAB86A7FA9E0}.Release|x86.Deploy.0 = Release|x86
		{7152A1DD-9C04-4643-B380-897C23A56E89}.Ad-Hoc|Any CPU.ActiveCfg = Release|x86
		{7152A1DD-9C04-4643-B380-897C23A56E89}.Ad-Hoc|Any CPU.Build.0 = Release|x86
		{7152A1DD-9C04-4643-B380-897C23A56E89}.Ad-Hoc|Any CPU.Deploy.0 = Release|x86
		{7152A1DD-9C04-4643-B380-897C23A56E89}.Ad-Hoc|ARM.ActiveCfg = Release|ARM
		{7152A1DD-9C04-4643-B380-897C23A56E89}.Ad-Hoc|ARM.Build.0 = Release|ARM
		{7152A1DD-9C04-4643-B380-897C23A56E89}.Ad-Hoc|ARM.Deploy.0 = Release|ARM
		{7152A1DD-9C04-4643-B380-897C23A56E89}.Ad-Hoc|iPhone.ActiveCfg = Release|x86
		{7152A1DD-9C04-4643-B380-897C23A56E89}.Ad-Hoc|iPhone.Build.0 = Release|x86
		{7152A1DD-9C04-4643-B380-897C23A56E89}.Ad-Hoc|iPhone.Deploy.0 = Release|x86
		{7152A1DD-9C04-4643-B380-897C23A56E89}.Ad-Hoc|iPhoneSimulator.ActiveCfg = Release|x86
		{7152A1DD-9C04-4643-B380-897C23A56E89}.Ad-Hoc|iPhoneSimulator.Build.0 = Release|x86
		{7152A1DD-9C04-4643-B380-897C23A56E89}.Ad-Hoc|iPhoneSimulator.Deploy.0 = Release|x86
		{7152A1DD-9C04-4643-B380-897C23A56E89}.Ad-Hoc|x64.ActiveCfg = Release|x64
		{7152A1DD-9C04-4643-B380-897C23A56E89}.Ad-Hoc|x64.Build.0 = Release|x64
		{7152A1DD-9C04-4643-B380-897C23A56E89}.Ad-Hoc|x64.Deploy.0 = Release|x64
		{7152A1DD-9C04-4643-B380-897C23A56E89}.Ad-Hoc|x86.ActiveCfg = Release|x86
		{7152A1DD-9C04-4643-B380-897C23A56E89}.Ad-Hoc|x86.Build.0 = Release|x86
		{7152A1DD-9C04-4643-B380-897C23A56E89}.Ad-Hoc|x86.Deploy.0 = Release|x86
		{7152A1DD-9C04-4643-B380-897C23A56E89}.AppStore|Any CPU.ActiveCfg = Release|x86
		{7152A1DD-9C04-4643-B380-897C23A56E89}.AppStore|Any CPU.Build.0 = Release|x86
		{7152A1DD-9C04-4643-B380-897C23A56E89}.AppStore|Any CPU.Deploy.0 = Release|x86
		{7152A1DD-9C04-4643-B380-897C23A56E89}.AppStore|ARM.ActiveCfg = Release|ARM
		{7152A1DD-9C04-4643-B380-897C23A56E89}.AppStore|ARM.Build.0 = Release|ARM
		{7152A1DD-9C04-4643-B380-897C23A56E89}.AppStore|ARM.Deploy.0 = Release|ARM
		{7152A1DD-9C04-4643-B380-897C23A56E89}.AppStore|iPhone.ActiveCfg = Release|x86
		{7152A1DD-9C04-4643-B380-897C23A56E89}.AppStore|iPhone.Build.0 = Release|x86
		{7152A1DD-9C04-4643-B380-897C23A56E89}.AppStore|iPhone.Deploy.0 = Release|x86
		{7152A1DD-9C04-4643-B380-897C23A56E89}.AppStore|iPhoneSimulator.ActiveCfg = Release|x86
		{7152A1DD-9C04-4643-B380-897C23A56E89}.AppStore|iPhoneSimulator.Build.0 = Release|x86
		{7152A1DD-9C04-4643-B380-897C23A56E89}.AppStore|iPhoneSimulator.Deploy.0 = Release|x86
		{7152A1DD-9C04-4643-B380-897C23A56E89}.AppStore|x64.ActiveCfg = Release|x64
		{7152A1DD-9C04-4643-B380-897C23A56E89}.AppStore|x64.Build.0 = Release|x64
		{7152A1DD-9C04-4643-B380-897C23A56E89}.AppStore|x64.Deploy.0 = Release|x64
		{7152A1DD-9C04-4643-B380-897C23A56E89}.AppStore|x86.ActiveCfg = Release|x86
		{7152A1DD-9C04-4643-B380-897C23A56E89}.AppStore|x86.Build.0 = Release|x86
		{7152A1DD-9C04-4643-B380-897C23A56E89}.AppStore|x86.Deploy.0 = Release|x86
		{7152A1DD-9C04-4643-B380-897C23A56E89}.Debug|Any CPU.ActiveCfg = Debug|x86
		{7152A1DD-9C04-4643-B380-897C23A56E89}.Debug|ARM.ActiveCfg = Debug|ARM
		{7152A1DD-9C04-4643-B380-897C23A56E89}.Debug|ARM.Build.0 = Debug|ARM
		{7152A1DD-9C04-4643-B380-897C23A56E89}.Debug|ARM.Deploy.0 = Debug|ARM
		{7152A1DD-9C04-4643-B380-897C23A56E89}.Debug|iPhone.ActiveCfg = Debug|x86
		{7152A1DD-9C04-4643-B380-897C23A56E89}.Debug|iPhoneSimulator.ActiveCfg = Debug|x86
		{7152A1DD-9C04-4643-B380-897C23A56E89}.Debug|x64.ActiveCfg = Debug|x64
		{7152A1DD-9C04-4643-B380-897C23A56E89}.Debug|x64.Build.0 = Debug|x64
		{7152A1DD-9C04-4643-B380-897C23A56E89}.Debug|x64.Deploy.0 = Debug|x64
		{7152A1DD-9C04-4643-B380-897C23A56E89}.Debug|x86.ActiveCfg = Debug|x86
		{7152A1DD-9C04-4643-B380-897C23A56E89}.Debug|x86.Build.0 = Debug|x86
		{7152A1DD-9C04-4643-B380-897C23A56E89}.Debug|x86.Deploy.0 = Debug|x86
		{7152A1DD-9C04-4643-B380-897C23A56E89}.Release|Any CPU.ActiveCfg = Release|x86
		{7152A1DD-9C04-4643-B380-897C23A56E89}.Release|ARM.ActiveCfg = Release|ARM
		{7152A1DD-9C04-4643-B380-897C23A56E89}.Release|ARM.Build.0 = Release|ARM
		{7152A1DD-9C04-4643-B380-897C23A56E89}.Release|ARM.Deploy.0 = Release|ARM
		{7152A1DD-9C04-4643-B380-897C23A56E89}.Release|iPhone.ActiveCfg = Release|x86
		{7152A1DD-9C04-4643-B380-897C23A56E89}.Release|iPhoneSimulator.ActiveCfg = Release|x86
		{7152A1DD-9C04-4643-B380-897C23A56E89}.Release|x64.ActiveCfg = Release|x64
		{7152A1DD-9C04-4643-B380-897C23A56E89}.Release|x64.Build.0 = Release|x64
		{7152A1DD-9C04-4643-B380-897C23A56E89}.Release|x64.Deploy.0 = Release|x64
		{7152A1DD-9C04-4643-B380-897C23A56E89}.Release|x86.ActiveCfg = Release|x86
		{7152A1DD-9C04-4643-B380-897C23A56E89}.Release|x86.Build.0 = Release|x86
		{7152A1DD-9C04-4643-B380-897C23A56E89}.Release|x86.Deploy.0 = Release|x86
		{9D34DC04-B933-4732-A04F-E543B095869E}.Ad-Hoc|Any CPU.ActiveCfg = Release|Any CPU
		{9D34DC04-B933-4732-A04F-E543B095869E}.Ad-Hoc|Any CPU.Build.0 = Release|Any CPU
		{9D34DC04-B933-4732-A04F-E543B095869E}.Ad-Hoc|Any CPU.Deploy.0 = Release|Any CPU
		{9D34DC04-B933-4732-A04F-E543B095869E}.Ad-Hoc|ARM.ActiveCfg = Release|ARM
		{9D34DC04-B933-4732-A04F-E543B095869E}.Ad-Hoc|ARM.Build.0 = Release|ARM
		{9D34DC04-B933-4732-A04F-E543B095869E}.Ad-Hoc|ARM.Deploy.0 = Release|ARM
		{9D34DC04-B933-4732-A04F-E543B095869E}.Ad-Hoc|iPhone.ActiveCfg = Release|Any CPU
		{9D34DC04-B933-4732-A04F-E543B095869E}.Ad-Hoc|iPhone.Build.0 = Release|Any CPU
		{9D34DC04-B933-4732-A04F-E543B095869E}.Ad-Hoc|iPhone.Deploy.0 = Release|Any CPU
		{9D34DC04-B933-4732-A04F-E543B095869E}.Ad-Hoc|iPhoneSimulator.ActiveCfg = Release|Any CPU
		{9D34DC04-B933-4732-A04F-E543B095869E}.Ad-Hoc|iPhoneSimulator.Build.0 = Release|Any CPU
		{9D34DC04-B933-4732-A04F-E543B095869E}.Ad-Hoc|iPhoneSimulator.Deploy.0 = Release|Any CPU
		{9D34DC04-B933-4732-A04F-E543B095869E}.Ad-Hoc|x64.ActiveCfg = Release|x64
		{9D34DC04-B933-4732-A04F-E543B095869E}.Ad-Hoc|x64.Build.0 = Release|x64
		{9D34DC04-B933-4732-A04F-E543B095869E}.Ad-Hoc|x64.Deploy.0 = Release|x64
		{9D34DC04-B933-4732-A04F-E543B095869E}.Ad-Hoc|x86.ActiveCfg = Release|x86
		{9D34DC04-B933-4732-A04F-E543B095869E}.Ad-Hoc|x86.Build.0 = Release|x86
		{9D34DC04-B933-4732-A04F-E543B095869E}.Ad-Hoc|x86.Deploy.0 = Release|x86
		{9D34DC04-B933-4732-A04F-E543B095869E}.AppStore|Any CPU.ActiveCfg = Release|Any CPU
		{9D34DC04-B933-4732-A04F-E543B095869E}.AppStore|Any CPU.Build.0 = Release|Any CPU
		{9D34DC04-B933-4732-A04F-E543B095869E}.AppStore|Any CPU.Deploy.0 = Release|Any CPU
		{9D34DC04-B933-4732-A04F-E543B095869E}.AppStore|ARM.ActiveCfg = Release|ARM
		{9D34DC04-B933-4732-A04F-E543B095869E}.AppStore|ARM.Build.0 = Release|ARM
		{9D34DC04-B933-4732-A04F-E543B095869E}.AppStore|ARM.Deploy.0 = Release|ARM
		{9D34DC04-B933-4732-A04F-E543B095869E}.AppStore|iPhone.ActiveCfg = Release|Any CPU
		{9D34DC04-B933-4732-A04F-E543B095869E}.AppStore|iPhone.Build.0 = Release|Any CPU
		{9D34DC04-B933-4732-A04F-E543B095869E}.AppStore|iPhone.Deploy.0 = Release|Any CPU
		{9D34DC04-B933-4732-A04F-E543B095869E}.AppStore|iPhoneSimulator.ActiveCfg = Release|Any CPU
		{9D34DC04-B933-4732-A04F-E543B095869E}.AppStore|iPhoneSimulator.Build.0 = Release|Any CPU
		{9D34DC04-B933-4732-A04F-E543B095869E}.AppStore|iPhoneSimulator.Deploy.0 = Release|Any CPU
		{9D34DC04-B933-4732-A04F-E543B095869E}.AppStore|x64.ActiveCfg = Release|x64
		{9D34DC04-B933-4732-A04F-E543B095869E}.AppStore|x64.Build.0 = Release|x64
		{9D34DC04-B933-4732-A04F-E543B095869E}.AppStore|x64.Deploy.0 = Release|x64
		{9D34DC04-B933-4732-A04F-E543B095869E}.AppStore|x86.ActiveCfg = Release|x86
		{9D34DC04-B933-4732-A04F-E543B095869E}.AppStore|x86.Build.0 = Release|x86
		{9D34DC04-B933-4732-A04F-E543B095869E}.AppStore|x86.Deploy.0 = Release|x86
		{9D34DC04-B933-4732-A04F-E543B095869E}.Debug|Any CPU.ActiveCfg = Debug|Any CPU
		{9D34DC04-B933-4732-A04F-E543B095869E}.Debug|Any CPU.Build.0 = Debug|Any CPU
		{9D34DC04-B933-4732-A04F-E543B095869E}.Debug|Any CPU.Deploy.0 = Debug|Any CPU
		{9D34DC04-B933-4732-A04F-E543B095869E}.Debug|ARM.ActiveCfg = Debug|ARM
		{9D34DC04-B933-4732-A04F-E543B095869E}.Debug|ARM.Build.0 = Debug|ARM
		{9D34DC04-B933-4732-A04F-E543B095869E}.Debug|ARM.Deploy.0 = Debug|ARM
		{9D34DC04-B933-4732-A04F-E543B095869E}.Debug|iPhone.ActiveCfg = Debug|Any CPU
		{9D34DC04-B933-4732-A04F-E543B095869E}.Debug|iPhone.Build.0 = Debug|Any CPU
		{9D34DC04-B933-4732-A04F-E543B095869E}.Debug|iPhone.Deploy.0 = Debug|Any CPU
		{9D34DC04-B933-4732-A04F-E543B095869E}.Debug|iPhoneSimulator.ActiveCfg = Debug|Any CPU
		{9D34DC04-B933-4732-A04F-E543B095869E}.Debug|iPhoneSimulator.Build.0 = Debug|Any CPU
		{9D34DC04-B933-4732-A04F-E543B095869E}.Debug|iPhoneSimulator.Deploy.0 = Debug|Any CPU
		{9D34DC04-B933-4732-A04F-E543B095869E}.Debug|x64.ActiveCfg = Debug|x64
		{9D34DC04-B933-4732-A04F-E543B095869E}.Debug|x64.Build.0 = Debug|x64
		{9D34DC04-B933-4732-A04F-E543B095869E}.Debug|x64.Deploy.0 = Debug|x64
		{9D34DC04-B933-4732-A04F-E543B095869E}.Debug|x86.ActiveCfg = Debug|x86
		{9D34DC04-B933-4732-A04F-E543B095869E}.Debug|x86.Build.0 = Debug|x86
		{9D34DC04-B933-4732-A04F-E543B095869E}.Debug|x86.Deploy.0 = Debug|x86
		{9D34DC04-B933-4732-A04F-E543B095869E}.Release|Any CPU.ActiveCfg = Release|Any CPU
		{9D34DC04-B933-4732-A04F-E543B095869E}.Release|Any CPU.Build.0 = Release|Any CPU
		{9D34DC04-B933-4732-A04F-E543B095869E}.Release|Any CPU.Deploy.0 = Release|Any CPU
		{9D34DC04-B933-4732-A04F-E543B095869E}.Release|ARM.ActiveCfg = Release|ARM
		{9D34DC04-B933-4732-A04F-E543B095869E}.Release|ARM.Build.0 = Release|ARM
		{9D34DC04-B933-4732-A04F-E543B095869E}.Release|ARM.Deploy.0 = Release|ARM
		{9D34DC04-B933-4732-A04F-E543B095869E}.Release|iPhone.ActiveCfg = Release|Any CPU
		{9D34DC04-B933-4732-A04F-E543B095869E}.Release|iPhone.Build.0 = Release|Any CPU
		{9D34DC04-B933-4732-A04F-E543B095869E}.Release|iPhone.Deploy.0 = Release|Any CPU
		{9D34DC04-B933-4732-A04F-E543B095869E}.Release|iPhoneSimulator.ActiveCfg = Release|Any CPU
		{9D34DC04-B933-4732-A04F-E543B095869E}.Release|iPhoneSimulator.Build.0 = Release|Any CPU
		{9D34DC04-B933-4732-A04F-E543B095869E}.Release|iPhoneSimulator.Deploy.0 = Release|Any CPU
		{9D34DC04-B933-4732-A04F-E543B095869E}.Release|x64.ActiveCfg = Release|x64
		{9D34DC04-B933-4732-A04F-E543B095869E}.Release|x64.Build.0 = Release|x64
		{9D34DC04-B933-4732-A04F-E543B095869E}.Release|x64.Deploy.0 = Release|x64
		{9D34DC04-B933-4732-A04F-E543B095869E}.Release|x86.ActiveCfg = Release|x86
		{9D34DC04-B933-4732-A04F-E543B095869E}.Release|x86.Build.0 = Release|x86
		{9D34DC04-B933-4732-A04F-E543B095869E}.Release|x86.Deploy.0 = Release|x86
		{FEE97194-DCE6-4566-80ED-E5C08D4AEEC2}.Ad-Hoc|Any CPU.ActiveCfg = Release|Any CPU
		{FEE97194-DCE6-4566-80ED-E5C08D4AEEC2}.Ad-Hoc|Any CPU.Build.0 = Release|Any CPU
		{FEE97194-DCE6-4566-80ED-E5C08D4AEEC2}.Ad-Hoc|ARM.ActiveCfg = Release|Any CPU
		{FEE97194-DCE6-4566-80ED-E5C08D4AEEC2}.Ad-Hoc|ARM.Build.0 = Release|Any CPU
		{FEE97194-DCE6-4566-80ED-E5C08D4AEEC2}.Ad-Hoc|iPhone.ActiveCfg = Release|Any CPU
		{FEE97194-DCE6-4566-80ED-E5C08D4AEEC2}.Ad-Hoc|iPhone.Build.0 = Release|Any CPU
		{FEE97194-DCE6-4566-80ED-E5C08D4AEEC2}.Ad-Hoc|iPhoneSimulator.ActiveCfg = Release|Any CPU
		{FEE97194-DCE6-4566-80ED-E5C08D4AEEC2}.Ad-Hoc|iPhoneSimulator.Build.0 = Release|Any CPU
		{FEE97194-DCE6-4566-80ED-E5C08D4AEEC2}.Ad-Hoc|x64.ActiveCfg = Release|Any CPU
		{FEE97194-DCE6-4566-80ED-E5C08D4AEEC2}.Ad-Hoc|x64.Build.0 = Release|Any CPU
		{FEE97194-DCE6-4566-80ED-E5C08D4AEEC2}.Ad-Hoc|x86.ActiveCfg = Release|Any CPU
		{FEE97194-DCE6-4566-80ED-E5C08D4AEEC2}.Ad-Hoc|x86.Build.0 = Release|Any CPU
		{FEE97194-DCE6-4566-80ED-E5C08D4AEEC2}.AppStore|Any CPU.ActiveCfg = Release|Any CPU
		{FEE97194-DCE6-4566-80ED-E5C08D4AEEC2}.AppStore|Any CPU.Build.0 = Release|Any CPU
		{FEE97194-DCE6-4566-80ED-E5C08D4AEEC2}.AppStore|ARM.ActiveCfg = Release|Any CPU
		{FEE97194-DCE6-4566-80ED-E5C08D4AEEC2}.AppStore|ARM.Build.0 = Release|Any CPU
		{FEE97194-DCE6-4566-80ED-E5C08D4AEEC2}.AppStore|iPhone.ActiveCfg = Release|Any CPU
		{FEE97194-DCE6-4566-80ED-E5C08D4AEEC2}.AppStore|iPhone.Build.0 = Release|Any CPU
		{FEE97194-DCE6-4566-80ED-E5C08D4AEEC2}.AppStore|iPhoneSimulator.ActiveCfg = Release|Any CPU
		{FEE97194-DCE6-4566-80ED-E5C08D4AEEC2}.AppStore|iPhoneSimulator.Build.0 = Release|Any CPU
		{FEE97194-DCE6-4566-80ED-E5C08D4AEEC2}.AppStore|x64.ActiveCfg = Release|Any CPU
		{FEE97194-DCE6-4566-80ED-E5C08D4AEEC2}.AppStore|x64.Build.0 = Release|Any CPU
		{FEE97194-DCE6-4566-80ED-E5C08D4AEEC2}.AppStore|x86.ActiveCfg = Release|Any CPU
		{FEE97194-DCE6-4566-80ED-E5C08D4AEEC2}.AppStore|x86.Build.0 = Release|Any CPU
		{FEE97194-DCE6-4566-80ED-E5C08D4AEEC2}.Debug|Any CPU.ActiveCfg = Debug|Any CPU
		{FEE97194-DCE6-4566-80ED-E5C08D4AEEC2}.Debug|Any CPU.Build.0 = Debug|Any CPU
		{FEE97194-DCE6-4566-80ED-E5C08D4AEEC2}.Debug|ARM.ActiveCfg = Debug|Any CPU
		{FEE97194-DCE6-4566-80ED-E5C08D4AEEC2}.Debug|ARM.Build.0 = Debug|Any CPU
		{FEE97194-DCE6-4566-80ED-E5C08D4AEEC2}.Debug|iPhone.ActiveCfg = Debug|Any CPU
		{FEE97194-DCE6-4566-80ED-E5C08D4AEEC2}.Debug|iPhone.Build.0 = Debug|Any CPU
		{FEE97194-DCE6-4566-80ED-E5C08D4AEEC2}.Debug|iPhoneSimulator.ActiveCfg = Debug|Any CPU
		{FEE97194-DCE6-4566-80ED-E5C08D4AEEC2}.Debug|iPhoneSimulator.Build.0 = Debug|Any CPU
		{FEE97194-DCE6-4566-80ED-E5C08D4AEEC2}.Debug|x64.ActiveCfg = Debug|Any CPU
		{FEE97194-DCE6-4566-80ED-E5C08D4AEEC2}.Debug|x64.Build.0 = Debug|Any CPU
		{FEE97194-DCE6-4566-80ED-E5C08D4AEEC2}.Debug|x86.ActiveCfg = Debug|Any CPU
		{FEE97194-DCE6-4566-80ED-E5C08D4AEEC2}.Debug|x86.Build.0 = Debug|Any CPU
		{FEE97194-DCE6-4566-80ED-E5C08D4AEEC2}.Release|Any CPU.ActiveCfg = Release|Any CPU
		{FEE97194-DCE6-4566-80ED-E5C08D4AEEC2}.Release|Any CPU.Build.0 = Release|Any CPU
		{FEE97194-DCE6-4566-80ED-E5C08D4AEEC2}.Release|ARM.ActiveCfg = Release|Any CPU
		{FEE97194-DCE6-4566-80ED-E5C08D4AEEC2}.Release|ARM.Build.0 = Release|Any CPU
		{FEE97194-DCE6-4566-80ED-E5C08D4AEEC2}.Release|iPhone.ActiveCfg = Release|Any CPU
		{FEE97194-DCE6-4566-80ED-E5C08D4AEEC2}.Release|iPhone.Build.0 = Release|Any CPU
		{FEE97194-DCE6-4566-80ED-E5C08D4AEEC2}.Release|iPhoneSimulator.ActiveCfg = Release|Any CPU
		{FEE97194-DCE6-4566-80ED-E5C08D4AEEC2}.Release|iPhoneSimulator.Build.0 = Release|Any CPU
		{FEE97194-DCE6-4566-80ED-E5C08D4AEEC2}.Release|x64.ActiveCfg = Release|Any CPU
		{FEE97194-DCE6-4566-80ED-E5C08D4AEEC2}.Release|x64.Build.0 = Release|Any CPU
		{FEE97194-DCE6-4566-80ED-E5C08D4AEEC2}.Release|x86.ActiveCfg = Release|Any CPU
		{FEE97194-DCE6-4566-80ED-E5C08D4AEEC2}.Release|x86.Build.0 = Release|Any CPU
	EndGlobalSection
	GlobalSection(SolutionProperties) = preSolution
		HideSolutionNode = FALSE
	EndGlobalSection
EndGlobal
